PODS:
  - FBSnapshotTestCase (2.1.4):
    - FBSnapshotTestCase/SwiftSupport (= 2.1.4)
  - FBSnapshotTestCase/Core (2.1.4)
  - FBSnapshotTestCase/SwiftSupport (2.1.4):
    - FBSnapshotTestCase/Core
  - RYNCategory (0.1.1)

DEPENDENCIES:
  - FBSnapshotTestCase
  - RYNCategory (from `../RYNCategory.podspec`)

SPEC REPOS:
  https://github.com/CocoaPods/Specs.git:
    - FBSnapshotTestCase

EXTERNAL SOURCES:
  RYNCategory:
    :path: "../RYNCategory.podspec"

SPEC CHECKSUMS:
  FBSnapshotTestCase: 094f9f314decbabe373b87cc339bea235a63e07a
  RYNCategory: 2e1e0cc83f698a9e41d2c7cb29c221f705d9cb8b

PODFILE CHECKSUM: a0abe9de666e971d9da47d800dab82f37b1af5d9

COCOAPODS: 1.5.0
